Microsoft Visual Studio Solution File, Format Version 12.00
# Visual Studio Version 16
VisualStudioVersion = 16.0.28803.452
MinimumVisualStudioVersion = 10.0.40219.1
Project("{2150E333-8FDC-42A3-9474-1A3956D46DE8}") = "Solution Items", "Solution Items", "{0E30E3FA-AECD-4BF3-9EAA-9D6C16D5E991}"
	ProjectSection(SolutionItems) = preProject
		.editorconfig = .editorconfig
		analyses.json = analyses.json
		BUILD.md = BUILD.md
		CONTRIBUTING.md = CONTRIBUTING.md
		filters.json = filters.json
		LICENSE.txt = LICENSE.txt
		Pipelines\pr-validation.yml = Pipelines\pr-validation.yml
		PRIVACY.md = PRIVACY.md
		README.md = README.md
		Pipelines\release.yml = Pipelines\release.yml
		Pipelines\sdl.yml = Pipelines\sdl.yml
		version.json = version.json
	EndProjectSection
EndProject
Project("{9A19103F-16F7-4668-BE54-9A1E7A4F7556}") = "Lib", "Lib\Lib.csproj", "{1A23CFC7-0B8B-44C0-9EB6-5D39BC456CDC}"
EndProject
Project("{9A19103F-16F7-4668-BE54-9A1E7A4F7556}") = "Benchmarks", "Benchmarks\Benchmarks.csproj", "{115B2548-2164-44B6-B0C3-717DB1145550}"
EndProject
Project("{9A19103F-16F7-4668-BE54-9A1E7A4F7556}") = "Tests", "Tests\Tests.csproj", "{084DAC81-7495-4BF5-A3BE-0DC61F177245}"
EndProject
Project("{9A19103F-16F7-4668-BE54-9A1E7A4F7556}") = "Cli", "Cli\Cli.csproj", "{0E5AE46A-897E-4FEC-897B-19ECEDD8BC88}"
EndProject
Global
	GlobalSection(SolutionConfigurationPlatforms) = preSolution
		Debug|Any CPU = Debug|Any CPU
		Release|Any CPU = Release|Any CPU
	EndGlobalSection
	GlobalSection(ProjectConfigurationPlatforms) = postSolution
		{1A23CFC7-0B8B-44C0-9EB6-5D39BC456CDC}.Debug|Any CPU.ActiveCfg = Debug|Any CPU
		{1A23CFC7-0B8B-44C0-9EB6-5D39BC456CDC}.Debug|Any CPU.Build.0 = Debug|Any CPU
		{1A23CFC7-0B8B-44C0-9EB6-5D39BC456CDC}.Release|Any CPU.ActiveCfg = Release|Any CPU
		{1A23CFC7-0B8B-44C0-9EB6-5D39BC456CDC}.Release|Any CPU.Build.0 = Release|Any CPU
		{115B2548-2164-44B6-B0C3-717DB1145550}.Debug|Any CPU.ActiveCfg = Debug|Any CPU
		{115B2548-2164-44B6-B0C3-717DB1145550}.Debug|Any CPU.Build.0 = Debug|Any CPU
		{115B2548-2164-44B6-B0C3-717DB1145550}.Release|Any CPU.ActiveCfg = Release|Any CPU
		{115B2548-2164-44B6-B0C3-717DB1145550}.Release|Any CPU.Build.0 = Release|Any CPU
		{084DAC81-7495-4BF5-A3BE-0DC61F177245}.Debug|Any CPU.ActiveCfg = Debug|Any CPU
		{084DAC81-7495-4BF5-A3BE-0DC61F177245}.Debug|Any CPU.Build.0 = Debug|Any CPU
		{084DAC81-7495-4BF5-A3BE-0DC61F177245}.Release|Any CPU.ActiveCfg = Release|Any CPU
		{084DAC81-7495-4BF5-A3BE-0DC61F177245}.Release|Any CPU.Build.0 = Release|Any CPU
		{0E5AE46A-897E-4FEC-897B-19ECEDD8BC88}.Debug|Any CPU.ActiveCfg = Debug|Any CPU
		{0E5AE46A-897E-4FEC-897B-19ECEDD8BC88}.Debug|Any CPU.Build.0 = Debug|Any CPU
		{0E5AE46A-897E-4FEC-897B-19ECEDD8BC88}.Release|Any CPU.ActiveCfg = Release|Any CPU
		{0E5AE46A-897E-4FEC-897B-19ECEDD8BC88}.Release|Any CPU.Build.0 = Release|Any CPU
	EndGlobalSection
	GlobalSection(SolutionProperties) = preSolution
		HideSolutionNode = FALSE
	EndGlobalSection
	GlobalSection(ExtensibilityGlobals) = postSolution
		SolutionGuid = {CF34C31E-FA0E-4FB8-B566-6907C5F6339E}
	EndGlobalSection
	GlobalSection(MonoDevelopProperties) = preSolution
		version = 2.1-alpha
	EndGlobalSection
EndGlobal
