Microsoft Visual Studio Solution File, Format Version 12.00
# Visual Studio Version 16
VisualStudioVersion = 16.0.28803.452
MinimumVisualStudioVersion = 10.0.40219.1
Project("{2150E333-8FDC-42A3-9474-1A3956D46DE8}") = "Solution Items", "Solution Items", "{0E30E3FA-AECD-4BF3-9EAA-9D6C16D5E991}"
	ProjectSection(SolutionItems) = preProject
		.editorconfig = .editorconfig
		analyses.json = analyses.json
		BUILD.md = BUILD.md
		CONTRIBUTING.md = CONTRIBUTING.md
		filters.json = filters.json
		LICENSE.txt = LICENSE.txt
		Pipelines\pr-validation.yml = Pipelines\pr-validation.yml
		PRIVACY.md = PRIVACY.md
		README.md = README.md
		Pipelines\release.yml = Pipelines\release.yml
		Pipelines\sdl.yml = Pipelines\sdl.yml
		version.json = version.json
	EndProjectSection
EndProject
Project("{9A19103F-16F7-4668-BE54-9A1E7A4F7556}") = "GenerateDocfx", "GenerateDocfx\GenerateDocfx.csproj", "{99B076F7-8861-40DC-8523-5A67EA58295D}"
EndProject
Project("{FAE04EC0-301F-11D3-BF4B-00C04F79EFBC}") = "Cli", "Cli\Cli.csproj", "{F8C81EAB-ECD0-4AC5-9100-59A0E37A536E}"
EndProject
Project("{FAE04EC0-301F-11D3-BF4B-00C04F79EFBC}") = "Lib", "Lib\Lib.csproj", "{458D8CAC-31E5-4843-BEBE-AC1DF52CA2EA}"
EndProject
Project("{FAE04EC0-301F-11D3-BF4B-00C04F79EFBC}") = "Benchmarks", "Benchmarks\Benchmarks.csproj", "{3A05B910-65F9-428C-9F27-FB69F893F250}"
EndProject
Project("{FAE04EC0-301F-11D3-BF4B-00C04F79EFBC}") = "Tests", "Tests\Tests.csproj", "{72F76BA3-1061-40B9-B9D6-6B22EC7501E5}"
EndProject
Global
	GlobalSection(SolutionConfigurationPlatforms) = preSolution
		Debug|Any CPU = Debug|Any CPU
		Release|Any CPU = Release|Any CPU
	EndGlobalSection
	GlobalSection(ProjectConfigurationPlatforms) = postSolution
		{99B076F7-8861-40DC-8523-5A67EA58295D}.Debug|Any CPU.ActiveCfg = Debug|Any CPU
		{99B076F7-8861-40DC-8523-5A67EA58295D}.Debug|Any CPU.Build.0 = Debug|Any CPU
		{99B076F7-8861-40DC-8523-5A67EA58295D}.Release|Any CPU.ActiveCfg = Release|Any CPU
		{99B076F7-8861-40DC-8523-5A67EA58295D}.Release|Any CPU.Build.0 = Release|Any CPU
		{F8C81EAB-ECD0-4AC5-9100-59A0E37A536E}.Debug|Any CPU.ActiveCfg = Debug|Any CPU
		{F8C81EAB-ECD0-4AC5-9100-59A0E37A536E}.Debug|Any CPU.Build.0 = Debug|Any CPU
		{F8C81EAB-ECD0-4AC5-9100-59A0E37A536E}.Release|Any CPU.ActiveCfg = Release|Any CPU
		{F8C81EAB-ECD0-4AC5-9100-59A0E37A536E}.Release|Any CPU.Build.0 = Release|Any CPU
		{458D8CAC-31E5-4843-BEBE-AC1DF52CA2EA}.Debug|Any CPU.ActiveCfg = Debug|Any CPU
		{458D8CAC-31E5-4843-BEBE-AC1DF52CA2EA}.Debug|Any CPU.Build.0 = Debug|Any CPU
		{458D8CAC-31E5-4843-BEBE-AC1DF52CA2EA}.Release|Any CPU.ActiveCfg = Release|Any CPU
		{458D8CAC-31E5-4843-BEBE-AC1DF52CA2EA}.Release|Any CPU.Build.0 = Release|Any CPU
		{3A05B910-65F9-428C-9F27-FB69F893F250}.Debug|Any CPU.ActiveCfg = Debug|Any CPU
		{3A05B910-65F9-428C-9F27-FB69F893F250}.Debug|Any CPU.Build.0 = Debug|Any CPU
		{3A05B910-65F9-428C-9F27-FB69F893F250}.Release|Any CPU.ActiveCfg = Release|Any CPU
		{3A05B910-65F9-428C-9F27-FB69F893F250}.Release|Any CPU.Build.0 = Release|Any CPU
		{72F76BA3-1061-40B9-B9D6-6B22EC7501E5}.Debug|Any CPU.ActiveCfg = Debug|Any CPU
		{72F76BA3-1061-40B9-B9D6-6B22EC7501E5}.Debug|Any CPU.Build.0 = Debug|Any CPU
		{72F76BA3-1061-40B9-B9D6-6B22EC7501E5}.Release|Any CPU.ActiveCfg = Release|Any CPU
		{72F76BA3-1061-40B9-B9D6-6B22EC7501E5}.Release|Any CPU.Build.0 = Release|Any CPU
	EndGlobalSection
	GlobalSection(SolutionProperties) = preSolution
		HideSolutionNode = FALSE
	EndGlobalSection
	GlobalSection(ExtensibilityGlobals) = postSolution
		SolutionGuid = {CF34C31E-FA0E-4FB8-B566-6907C5F6339E}
	EndGlobalSection
	GlobalSection(MonoDevelopProperties) = preSolution
		version = 2.1-alpha
	EndGlobalSection
EndGlobal
